
Microsoft Visual Studio Solution File, Format Version 12.00
# Visual Studio Version 16
VisualStudioVersion = 16.0.28803.202
MinimumVisualStudioVersion = 10.0.40219.1
Project("{FAE04EC0-301F-11D3-BF4B-00C04F79EFBC}") = "SpengBot", "SpengBot\SpengBot.csproj", "{811E0D4E-2106-4385-B25C-B7153C325538}"
EndProject
Global
	GlobalSection(SolutionConfigurationPlatforms) = preSolution
		Debug|Any CPU = Debug|Any CPU
		Release|Any CPU = Release|Any CPU
	EndGlobalSection
	GlobalSection(ProjectConfigurationPlatforms) = postSolution
		{811E0D4E-2106-4385-B25C-B7153C325538}.Debug|Any CPU.ActiveCfg = Debug|Any CPU
		{811E0D4E-2106-4385-B25C-B7153C325538}.Debug|Any CPU.Build.0 = Debug|Any CPU
		{811E0D4E-2106-4385-B25C-B7153C325538}.Release|Any CPU.ActiveCfg = Release|Any CPU
		{811E0D4E-2106-4385-B25C-B7153C325538}.Release|Any CPU.Build.0 = Release|Any CPU
	EndGlobalSection
	GlobalSection(SolutionProperties) = preSolution
		HideSolutionNode = FALSE
	EndGlobalSection
	GlobalSection(ExtensibilityGlobals) = postSolution
		SolutionGuid = {65D65192-CE3D-4079-870A-D6501A02FFB6}
	EndGlobalSection
EndGlobal
